<?xml version="1.0" encoding="utf-8"?>
<Project ToolsVersion="4.0" xmlns="http://schemas.microsoft.com/developer/msbuild/2003">
  <ItemGroup>
    <Filter Include="Main">
      <UniqueIdentifier>{59738424-9aa2-4c74-a5a8-52a05fc67481}</UniqueIdentifier>
    </Filter>
    <Filter Include="Application">
      <UniqueIdentifier>{4167c8a6-bf82-4d80-b939-4343b6577dcc}</UniqueIdentifier>
    </Filter>
    <Filter Include="Map">
      <UniqueIdentifier>{07b182eb-7ad0-4cca-9bef-b6024f8c0f8b}</UniqueIdentifier>
    </Filter>
    <Filter Include="Camera">
      <UniqueIdentifier>{fd22f57a-7a9b-4d69-975b-737b659df95c}</UniqueIdentifier>
    </Filter>
    <Filter Include="GameObject">
      <UniqueIdentifier>{98cf44c2-b526-461c-a324-bc95b6356149}</UniqueIdentifier>
    </Filter>
    <Filter Include="GameObject\Enemy">
      <UniqueIdentifier>{8087b3df-cd46-42d4-aa43-370e9f3b1f2b}</UniqueIdentifier>
    </Filter>
    <Filter Include="GameObject\Player">
      <UniqueIdentifier>{1df400ab-3601-4c1a-890e-e6b78403cd37}</UniqueIdentifier>
    </Filter>
    <Filter Include="SceneManager">
      <UniqueIdentifier>{df753578-48d0-46c3-98a9-2c918d809c8f}</UniqueIdentifier>
    </Filter>
    <Filter Include="SceneManager\Scene">
      <UniqueIdentifier>{26bd0668-3204-4007-84fa-b097a674437d}</UniqueIdentifier>
    </Filter>
    <Filter Include="SceneManager\Scene\GameScene">
      <UniqueIdentifier>{7874101e-4840-421b-81d5-212b4df7db9e}</UniqueIdentifier>
    </Filter>
    <Filter Include="SceneManager\Scene\TitleScene">
      <UniqueIdentifier>{02781f50-23e7-4a5a-a966-279e71d758eb}</UniqueIdentifier>
    </Filter>
    <Filter Include="InputManager">
      <UniqueIdentifier>{f126f263-8688-42b5-ab33-5be8317267ff}</UniqueIdentifier>
    </Filter>
    <Filter Include="Vector2">
      <UniqueIdentifier>{d0fbca24-63e5-4a0f-a30d-59945b63d379}</UniqueIdentifier>
    </Filter>
    <Filter Include="Vector2\Vector2F">
      <UniqueIdentifier>{98d9cb4c-f13b-4b7f-a2a0-25697d6ac901}</UniqueIdentifier>
    </Filter>
    <Filter Include="SceneManager\Scene\GameScene\Stage">
      <UniqueIdentifier>{e1ec415a-e87c-488f-960e-ae2020b62433}</UniqueIdentifier>
    </Filter>
    <Filter Include="Utility">
      <UniqueIdentifier>{96cc4a86-5859-4540-bb32-af156c77cdbf}</UniqueIdentifier>
    </Filter>
    <Filter Include="SceneManager\Scene\StageSlectScene">
      <UniqueIdentifier>{b9854463-0f10-4b4f-8507-a4c7a2c69acd}</UniqueIdentifier>
    </Filter>
    <Filter Include="SceneManager\Scene\GameOverScene">
      <UniqueIdentifier>{8335f511-bd2f-48e9-a213-74f764672c69}</UniqueIdentifier>
    </Filter>
    <Filter Include="SceneManager\Scene\GameClearScene">
      <UniqueIdentifier>{fdef3f76-a220-4ed4-93d1-7d7089faec88}</UniqueIdentifier>
    </Filter>
    <Filter Include="GameObject\Bread">
      <UniqueIdentifier>{905e368e-f36a-4406-ab38-a0c6608e3c34}</UniqueIdentifier>
    </Filter>
    <Filter Include="GameObject\Bread\Bread">
      <UniqueIdentifier>{d8e16bdd-99b7-4bd2-9cf9-4eac64f72480}</UniqueIdentifier>
    </Filter>
  </ItemGroup>
  <ItemGroup>
    <ClCompile Include="main.cpp">
      <Filter>Main</Filter>
    </ClCompile>
    <ClCompile Include="Application.cpp">
      <Filter>Application</Filter>
    </ClCompile>
    <ClCompile Include="Player.cpp">
      <Filter>GameObject\Player</Filter>
    </ClCompile>
    <ClCompile Include="GameScene.cpp">
      <Filter>SceneManager\Scene\GameScene</Filter>
    </ClCompile>
    <ClCompile Include="GameObject.cpp">
      <Filter>GameObject</Filter>
    </ClCompile>
    <ClCompile Include="TitleScene.cpp">
      <Filter>SceneManager\Scene\TitleScene</Filter>
    </ClCompile>
    <ClCompile Include="SceneManager.cpp">
      <Filter>SceneManager</Filter>
    </ClCompile>
    <ClCompile Include="Enemy1.cpp">
      <Filter>GameObject\Enemy</Filter>
    </ClCompile>
    <ClCompile Include="EnemyBase.cpp">
      <Filter>GameObject\Enemy</Filter>
    </ClCompile>
    <ClCompile Include="Vector2F.cpp">
      <Filter>Vector2\Vector2F</Filter>
    </ClCompile>
    <ClCompile Include="Vector2.cpp">
      <Filter>Vector2</Filter>
    </ClCompile>
    <ClCompile Include="InputManager.cpp">
      <Filter>InputManager</Filter>
    </ClCompile>
    <ClCompile Include="AsoUtility.cpp">
      <Filter>Utility</Filter>
    </ClCompile>
    <ClCompile Include="Stage.cpp">
      <Filter>SceneManager\Scene\GameScene\Stage</Filter>
    </ClCompile>
    <ClCompile Include="StageSelectScene.cpp">
      <Filter>SceneManager\Scene\StageSlectScene</Filter>
    </ClCompile>
    <ClCompile Include="BreadBase.cpp">
      <Filter>GameObject\Bread</Filter>
    </ClCompile>
    <ClCompile Include="Bread.cpp">
      <Filter>GameObject\Bread\Bread</Filter>
    </ClCompile>
    <ClCompile Include="GameClearScene.cpp">
      <Filter>SceneManager\Scene\GameClearScene</Filter>
    </ClCompile>
    <ClCompile Include="GameOverScene.cpp">
      <Filter>SceneManager\Scene\GameOverScene</Filter>
    </ClCompile>
  </ItemGroup>
  <ItemGroup>
    <ClInclude Include="Application.h">
      <Filter>Application</Filter>
    </ClInclude>
    <ClInclude Include="Player.h">
      <Filter>GameObject\Player</Filter>
    </ClInclude>
    <ClInclude Include="GameScene.h">
      <Filter>SceneManager\Scene\GameScene</Filter>
    </ClInclude>
    <ClInclude Include="GameObject.h">
      <Filter>GameObject</Filter>
    </ClInclude>
    <ClInclude Include="BaseScene.h">
      <Filter>SceneManager\Scene</Filter>
    </ClInclude>
    <ClInclude Include="TitleScene.h">
      <Filter>SceneManager\Scene\TitleScene</Filter>
    </ClInclude>
    <ClInclude Include="SceneManager.h">
      <Filter>SceneManager</Filter>
    </ClInclude>
    <ClInclude Include="Enemy1.h">
      <Filter>GameObject\Enemy</Filter>
    </ClInclude>
    <ClInclude Include="EnemyBase.h">
      <Filter>GameObject\Enemy</Filter>
    </ClInclude>
    <ClInclude Include="Vector2F.h">
      <Filter>Vector2\Vector2F</Filter>
    </ClInclude>
    <ClInclude Include="Vector2.h">
      <Filter>Vector2</Filter>
    </ClInclude>
    <ClInclude Include="InputManager.h">
      <Filter>InputManager</Filter>
    </ClInclude>
    <ClInclude Include="AsoUtility.h">
      <Filter>Utility</Filter>
    </ClInclude>
    <ClInclude Include="Stage.h">
      <Filter>SceneManager\Scene\GameScene\Stage</Filter>
    </ClInclude>
    <ClInclude Include="StageSelectScene.h">
      <Filter>SceneManager\Scene\StageSlectScene</Filter>
    </ClInclude>
    <ClInclude Include="BreadBase.h">
      <Filter>GameObject\Bread</Filter>
    </ClInclude>
    <ClInclude Include="Bread.h">
      <Filter>GameObject\Bread\Bread</Filter>
    </ClInclude>
    <ClInclude Include="GameClearScene.h">
      <Filter>SceneManager\Scene\GameClearScene</Filter>
    </ClInclude>
    <ClInclude Include="GameOverScene.h">
      <Filter>SceneManager\Scene\GameOverScene</Filter>
    </ClInclude>
  </ItemGroup>
</Project>